
Microsoft Visual Studio Solution File, Format Version 12.00
# Visual Studio Version 17
VisualStudioVersion = 17.14.36408.4
MinimumVisualStudioVersion = 10.0.40219.1
Project("{FAE04EC0-301F-11D3-BF4B-00C04F79EFBC}") = "Geometry", "Geometry\Geometry.csproj", "{D9E2590E-ACB9-4966-A365-3A38B9F30BE4}"
EndProject
Project("{FAE04EC0-301F-11D3-BF4B-00C04F79EFBC}") = "Geometry.Console", "Geometry.Console\Geometry.Console.csproj", "{F1D4011F-6294-4C0C-80EF-667C8800973D}"
EndProject
Global
	GlobalSection(SolutionConfigurationPlatforms) = preSolution
		Debug|Any CPU = Debug|Any CPU
		Release|Any CPU = Release|Any CPU
	EndGlobalSection
	GlobalSection(ProjectConfigurationPlatforms) = postSolution
		{D9E2590E-ACB9-4966-A365-3A38B9F30BE4}.Debug|Any CPU.ActiveCfg = Debug|Any CPU
		{D9E2590E-ACB9-4966-A365-3A38B9F30BE4}.Debug|Any CPU.Build.0 = Debug|Any CPU
		{D9E2590E-ACB9-4966-A365-3A38B9F30BE4}.Release|Any CPU.ActiveCfg = Release|Any CPU
		{D9E2590E-ACB9-4966-A365-3A38B9F30BE4}.Release|Any CPU.Build.0 = Release|Any CPU
		{F1D4011F-6294-4C0C-80EF-667C8800973D}.Debug|Any CPU.ActiveCfg = Debug|Any CPU
		{F1D4011F-6294-4C0C-80EF-667C8800973D}.Debug|Any CPU.Build.0 = Debug|Any CPU
		{F1D4011F-6294-4C0C-80EF-667C8800973D}.Release|Any CPU.ActiveCfg = Release|Any CPU
		{F1D4011F-6294-4C0C-80EF-667C8800973D}.Release|Any CPU.Build.0 = Release|Any CPU
	EndGlobalSection
	GlobalSection(SolutionProperties) = preSolution
		HideSolutionNode = FALSE
	EndGlobalSection
	GlobalSection(ExtensibilityGlobals) = postSolution
		SolutionGuid = {4527E3C2-C990-41CC-A630-673BDBF39D21}
	EndGlobalSection
EndGlobal
